
Microsoft Visual Studio Solution File, Format Version 12.00
# Visual Studio Version 16
VisualStudioVersion = 16.0.30114.105
MinimumVisualStudioVersion = 10.0.40219.1
Project("{2150E333-8FDC-42A3-9474-1A3956D46DE8}") = "Services", "Services", "{769F0F7A-5A63-4EE2-94C5-77DA716026E2}"
EndProject
Project("{2150E333-8FDC-42A3-9474-1A3956D46DE8}") = "Tools", "Tools", "{7C24A6F0-676E-4711-A682-C63F5CB3599B}"
EndProject
Project("{2150E333-8FDC-42A3-9474-1A3956D46DE8}") = "Laboratory", "Laboratory", "{2286182A-323E-4676-9775-3D78DCAE23F7}"
EndProject
Project("{FAE04EC0-301F-11D3-BF4B-00C04F79EFBC}") = "FetchXmlFluent", "src\FetchXmlFluent\FetchXmlFluent.csproj", "{F45381E3-199A-4DFC-9FBD-F7A9CAA775D0}"
EndProject
Global
	GlobalSection(SolutionConfigurationPlatforms) = preSolution
		Debug|Any CPU = Debug|Any CPU
		Release|Any CPU = Release|Any CPU
	EndGlobalSection
	GlobalSection(SolutionProperties) = preSolution
		HideSolutionNode = FALSE
	EndGlobalSection
	GlobalSection(NestedProjects) = preSolution
		{F45381E3-199A-4DFC-9FBD-F7A9CAA775D0} = {769F0F7A-5A63-4EE2-94C5-77DA716026E2}
	EndGlobalSection
	GlobalSection(ProjectConfigurationPlatforms) = postSolution
		{F45381E3-199A-4DFC-9FBD-F7A9CAA775D0}.Debug|Any CPU.ActiveCfg = Debug|Any CPU
		{F45381E3-199A-4DFC-9FBD-F7A9CAA775D0}.Debug|Any CPU.Build.0 = Debug|Any CPU
		{F45381E3-199A-4DFC-9FBD-F7A9CAA775D0}.Release|Any CPU.ActiveCfg = Release|Any CPU
		{F45381E3-199A-4DFC-9FBD-F7A9CAA775D0}.Release|Any CPU.Build.0 = Release|Any CPU
	EndGlobalSection
EndGlobal
